
Microsoft Visual Studio Solution File, Format Version 11.00
# Visual Studio 2010
Project("{FAE04EC0-301F-11D3-BF4B-00C04F79EFBC}") = "MoreMountains.Feedbacks", "MoreMountains.Feedbacks.csproj", "{a0e54c6d-7fa0-8223-839e-44d7cbdfb47b}"
EndProject
Project("{FAE04EC0-301F-11D3-BF4B-00C04F79EFBC}") = "Assembly-CSharp", "Assembly-CSharp.csproj", "{b16da04b-ce12-997b-f10b-3ac3a13f03f0}"
EndProject
Project("{FAE04EC0-301F-11D3-BF4B-00C04F79EFBC}") = "LeTai.TrueShadow", "LeTai.TrueShadow.csproj", "{e0d143bf-4073-a971-f9d9-30f7f6246a7e}"
EndProject
Project("{FAE04EC0-301F-11D3-BF4B-00C04F79EFBC}") = "NodeCanvas", "NodeCanvas.csproj", "{f84a7b52-3f8d-c6f2-8037-62090f69483e}"
EndProject
Project("{FAE04EC0-301F-11D3-BF4B-00C04F79EFBC}") = "ParadoxNotion", "ParadoxNotion.csproj", "{fc898024-1245-ae56-aa47-ca57fb49c4b1}"
EndProject
Project("{FAE04EC0-301F-11D3-BF4B-00C04F79EFBC}") = "MoreMountains.InventoryEngine", "MoreMountains.InventoryEngine.csproj", "{19a275ad-2745-f015-dbd8-5a5570013697}"
EndProject
Project("{FAE04EC0-301F-11D3-BF4B-00C04F79EFBC}") = "com.unity.search.extensions.editor", "com.unity.search.extensions.editor.csproj", "{fd0e50c3-792d-4f1c-f7e1-d7af9088503c}"
EndProject
Project("{FAE04EC0-301F-11D3-BF4B-00C04F79EFBC}") = "MoreMountains.Tools", "MoreMountains.Tools.csproj", "{46cf38ce-08ee-8228-81a8-92b52f538ca4}"
EndProject
Project("{FAE04EC0-301F-11D3-BF4B-00C04F79EFBC}") = "MoreMountains.Feedbacks.Editor", "MoreMountains.Feedbacks.Editor.csproj", "{778d1459-cae5-e54b-96e9-d4bbe899f5de}"
EndProject
Project("{FAE04EC0-301F-11D3-BF4B-00C04F79EFBC}") = "MoreMountains.Tools.Editor", "MoreMountains.Tools.Editor.csproj", "{d8eb3f38-8655-fac0-8875-41d6b307f442}"
EndProject
Project("{FAE04EC0-301F-11D3-BF4B-00C04F79EFBC}") = "MoreMountains.Feedbacks.TextMeshPro", "MoreMountains.Feedbacks.TextMeshPro.csproj", "{1efddf27-a1c3-6270-63f3-531bb6b2d733}"
EndProject
Project("{FAE04EC0-301F-11D3-BF4B-00C04F79EFBC}") = "ThirteenPixels.Soda", "ThirteenPixels.Soda.csproj", "{2a1a8715-1c34-80be-6234-8af776cdcfd1}"
EndProject
Project("{FAE04EC0-301F-11D3-BF4B-00C04F79EFBC}") = "LeTai.TrueShadow.Editor", "LeTai.TrueShadow.Editor.csproj", "{cebbb7b5-5a66-dd82-9231-b279c50038ea}"
EndProject
Project("{FAE04EC0-301F-11D3-BF4B-00C04F79EFBC}") = "MoreMountains.Feedbacks.HDRP", "MoreMountains.Feedbacks.HDRP.csproj", "{83a34af3-c7d1-cbfd-898f-21afb4cd4c31}"
EndProject
Project("{FAE04EC0-301F-11D3-BF4B-00C04F79EFBC}") = "Febucci.TextAnimator.Runtime", "Febucci.TextAnimator.Runtime.csproj", "{bbbb87e3-b1db-542d-73b0-4155358777ff}"
EndProject
Project("{FAE04EC0-301F-11D3-BF4B-00C04F79EFBC}") = "MoreMountains.Feedbacks.PostProcessing", "MoreMountains.Feedbacks.PostProcessing.csproj", "{fee15bfc-34a3-a5a3-b52e-332cb779c269}"
EndProject
Project("{FAE04EC0-301F-11D3-BF4B-00C04F79EFBC}") = "UnityEngine.UI", "UnityEngine.UI.csproj", "{514ad930-dee4-097c-f8a8-7e71d9956834}"
EndProject
Project("{FAE04EC0-301F-11D3-BF4B-00C04F79EFBC}") = "FeelExtensions", "FeelExtensions.csproj", "{023fec3d-c864-d48e-6226-11cb21db0edc}"
EndProject
Project("{FAE04EC0-301F-11D3-BF4B-00C04F79EFBC}") = "ThirteenPixels.Soda.Editor", "ThirteenPixels.Soda.Editor.csproj", "{8877aa62-dce2-640d-b64c-143a939c1bb1}"
EndProject
Project("{FAE04EC0-301F-11D3-BF4B-00C04F79EFBC}") = "AllIn1SpriteShaderAssembly", "AllIn1SpriteShaderAssembly.csproj", "{2aa1a612-43f1-da71-49f6-12304385c310}"
EndProject
Project("{FAE04EC0-301F-11D3-BF4B-00C04F79EFBC}") = "MoreMountains.Feedbacks.URP", "MoreMountains.Feedbacks.URP.csproj", "{a267468f-ad63-da9a-07b5-cea17897e5f5}"
EndProject
Project("{FAE04EC0-301F-11D3-BF4B-00C04F79EFBC}") = "Assembly-CSharp-Editor", "Assembly-CSharp-Editor.csproj", "{3ccbd515-d14d-fd24-26a2-ca1d4704ca64}"
EndProject
Project("{FAE04EC0-301F-11D3-BF4B-00C04F79EFBC}") = "MoreMountains.Feedbacks.MMTools", "MoreMountains.Feedbacks.MMTools.csproj", "{54041cb4-fcf2-e4b1-fc34-4b3ec2e43e4f}"
EndProject
Project("{FAE04EC0-301F-11D3-BF4B-00C04F79EFBC}") = "MoreMountains.Interface", "MoreMountains.Interface.csproj", "{59c2123a-73dc-6b7f-dedc-b00e7be79f20}"
EndProject
Project("{FAE04EC0-301F-11D3-BF4B-00C04F79EFBC}") = "Lofelt.NiceVibrations", "Lofelt.NiceVibrations.csproj", "{afeb6f08-8394-4090-9ae2-f494fea0a380}"
EndProject
Project("{FAE04EC0-301F-11D3-BF4B-00C04F79EFBC}") = "LeTai.TranslucentImage.Editor", "LeTai.TranslucentImage.Editor.csproj", "{c1a80610-aa6d-a021-edeb-2a04def252b2}"
EndProject
Project("{FAE04EC0-301F-11D3-BF4B-00C04F79EFBC}") = "CW.Common", "CW.Common.csproj", "{de3ec141-75ad-d4d8-8ed8-1fa3cc9e2575}"
EndProject
Project("{FAE04EC0-301F-11D3-BF4B-00C04F79EFBC}") = "MoreMountains.Interface.Editor", "MoreMountains.Interface.Editor.csproj", "{54a3157d-ea32-6921-4b7b-c9c173d79d6d}"
EndProject
Project("{FAE04EC0-301F-11D3-BF4B-00C04F79EFBC}") = "Lofelt.NiceVibrations.Demo", "Lofelt.NiceVibrations.Demo.csproj", "{e7c5f403-ce7c-9e1a-426e-feca192a2b59}"
EndProject
Project("{FAE04EC0-301F-11D3-BF4B-00C04F79EFBC}") = "MoreMountains.Feedbacks.Cinemachine", "MoreMountains.Feedbacks.Cinemachine.csproj", "{0c678376-80ea-0574-2ad6-b4c8bf124377}"
EndProject
Project("{FAE04EC0-301F-11D3-BF4B-00C04F79EFBC}") = "ThirteenPixels.Soda.Tests", "ThirteenPixels.Soda.Tests.csproj", "{10e54c32-9e01-5af4-64f8-c00df3ca46b3}"
EndProject
Project("{FAE04EC0-301F-11D3-BF4B-00C04F79EFBC}") = "Sisus.Shared", "Sisus.Shared.csproj", "{74b297a2-36fe-3b45-2f6c-e88e57b49c71}"
EndProject
Project("{FAE04EC0-301F-11D3-BF4B-00C04F79EFBC}") = "ThirteenPixels.Soda.ModuleSettings", "ThirteenPixels.Soda.ModuleSettings.csproj", "{18fa4861-26db-92bd-10d1-8e6a288c79f3}"
EndProject
Project("{FAE04EC0-301F-11D3-BF4B-00C04F79EFBC}") = "LeTai.TrueShadow.Demo", "LeTai.TrueShadow.Demo.csproj", "{efb35931-c8de-3147-fea4-7994ff6451da}"
EndProject
Project("{FAE04EC0-301F-11D3-BF4B-00C04F79EFBC}") = "LeTai.TranslucentImage", "LeTai.TranslucentImage.csproj", "{29ace6c3-16d4-5cc0-0845-bdbb6e38c4e2}"
EndProject
Project("{FAE04EC0-301F-11D3-BF4B-00C04F79EFBC}") = "RenameComponents", "RenameComponents.csproj", "{456e16ae-8141-ebca-2c40-41342b595228}"
EndProject
Project("{FAE04EC0-301F-11D3-BF4B-00C04F79EFBC}") = "ProjectIndependent", "ProjectIndependent.csproj", "{5eb1f268-fb0f-e653-6b8e-5b17e2b7d53c}"
EndProject
Project("{FAE04EC0-301F-11D3-BF4B-00C04F79EFBC}") = "LeanPool", "LeanPool.csproj", "{6b221055-080b-a5d3-4d27-888f48e86bd7}"
EndProject
Project("{FAE04EC0-301F-11D3-BF4B-00C04F79EFBC}") = "ThirteenPixels.Soda.Scenebound", "ThirteenPixels.Soda.Scenebound.csproj", "{be60ad28-3f12-221a-be4f-295f26cbad18}"
EndProject
Project("{FAE04EC0-301F-11D3-BF4B-00C04F79EFBC}") = "MoreMountains.InventoryEngine.Editor", "MoreMountains.InventoryEngine.Editor.csproj", "{718fc7cf-e35e-2db2-3e68-7514c1c4d0aa}"
EndProject
Project("{FAE04EC0-301F-11D3-BF4B-00C04F79EFBC}") = "ProjectIndependentEditor", "ProjectIndependentEditor.csproj", "{f522e261-30ec-5d6e-b28e-441da07bb196}"
EndProject
Project("{FAE04EC0-301F-11D3-BF4B-00C04F79EFBC}") = "RenameComponents.Editor", "RenameComponents.Editor.csproj", "{ed807b94-ba30-6495-a09a-3bfb3277e463}"
EndProject
Project("{FAE04EC0-301F-11D3-BF4B-00C04F79EFBC}") = "ThirteenPixels.Soda.Scenebound.Editor", "ThirteenPixels.Soda.Scenebound.Editor.csproj", "{e7c5edc7-de1d-e0f1-ddfb-bc4eef887184}"
EndProject
Project("{FAE04EC0-301F-11D3-BF4B-00C04F79EFBC}") = "MoreMountains.Feedbacks.NiceVibrations", "MoreMountains.Feedbacks.NiceVibrations.csproj", "{89a1ba36-0056-5cb3-7658-2bb4cee4f9fd}"
EndProject
Project("{FAE04EC0-301F-11D3-BF4B-00C04F79EFBC}") = "ThirteenPixels.Soda.SubAssets.Editor", "ThirteenPixels.Soda.SubAssets.Editor.csproj", "{a93abffe-6aef-6022-3b68-6596f20b3755}"
EndProject
Project("{FAE04EC0-301F-11D3-BF4B-00C04F79EFBC}") = "SodaExtensions", "SodaExtensions.csproj", "{cebe6881-33dc-a79d-e2cb-c39220e38c6e}"
EndProject
Project("{FAE04EC0-301F-11D3-BF4B-00C04F79EFBC}") = "Febucci.TextAnimator.Editor", "Febucci.TextAnimator.Editor.csproj", "{14872025-7581-e011-0bc0-37039146ee82}"
EndProject
Project("{FAE04EC0-301F-11D3-BF4B-00C04F79EFBC}") = "LeTai.TranslucentImage.Demo", "LeTai.TranslucentImage.Demo.csproj", "{d331afd0-39ed-9ff7-e199-3065c80e00c7}"
EndProject
Project("{FAE04EC0-301F-11D3-BF4B-00C04F79EFBC}") = "MoreMountains.Feedbacks.Authorizations", "MoreMountains.Feedbacks.Authorizations.csproj", "{db9d09f3-981f-1c04-2943-04259d5219f0}"
EndProject
Project("{FAE04EC0-301F-11D3-BF4B-00C04F79EFBC}") = "Febucci.TextAnimator.Demo.Runtime", "Febucci.TextAnimator.Demo.Runtime.csproj", "{abb525cb-903c-b275-ca2a-702c742e7100}"
EndProject
Project("{FAE04EC0-301F-11D3-BF4B-00C04F79EFBC}") = "Lofelt.NiceVibrations.Editor", "Lofelt.NiceVibrations.Editor.csproj", "{59cfbec4-0047-2e80-a3aa-cfcc30cc64b4}"
EndProject
Project("{FAE04EC0-301F-11D3-BF4B-00C04F79EFBC}") = "NodeCanvasSoda", "NodeCanvasSoda.csproj", "{15f99563-3a21-3156-4e1c-749e62ffd83e}"
EndProject
Project("{FAE04EC0-301F-11D3-BF4B-00C04F79EFBC}") = "UIEffect_Demo", "UIEffect_Demo.csproj", "{a7653658-7c34-6319-2f08-65f643d20dd0}"
EndProject
Project("{FAE04EC0-301F-11D3-BF4B-00C04F79EFBC}") = "BuildScripts", "BuildScripts.csproj", "{5d9435da-0546-321f-f52d-7b37200b86e4}"
EndProject
Project("{FAE04EC0-301F-11D3-BF4B-00C04F79EFBC}") = "ThirteenPixels.Soda.SubAssets", "ThirteenPixels.Soda.SubAssets.csproj", "{64474d64-d47f-9894-7c52-ed5d6c2bdb7c}"
EndProject
Project("{FAE04EC0-301F-11D3-BF4B-00C04F79EFBC}") = "ThirteenPixels.Soda.ModuleSettings.Editor", "ThirteenPixels.Soda.ModuleSettings.Editor.csproj", "{e971e6b4-a236-5956-9664-b8102c9ed186}"
EndProject
Project("{FAE04EC0-301F-11D3-BF4B-00C04F79EFBC}") = "EM.AutoSave.Editor", "EM.AutoSave.Editor.csproj", "{bd317c29-c83f-251c-c448-7339b129bcf8}"
EndProject
Project("{FAE04EC0-301F-11D3-BF4B-00C04F79EFBC}") = "Febucci.TextAnimator.Demo.Editor", "Febucci.TextAnimator.Demo.Editor.csproj", "{e33d9cc3-a122-c552-7608-001a80ae199b}"
EndProject
Project("{FAE04EC0-301F-11D3-BF4B-00C04F79EFBC}") = "LeanCommon", "LeanCommon.csproj", "{fbc3d5de-b687-c6ad-56e4-fb5be4ad41c8}"
EndProject
Project("{FAE04EC0-301F-11D3-BF4B-00C04F79EFBC}") = "Sirenix.OdinInspector.Modules.UnityMathematics", "Sirenix.OdinInspector.Modules.UnityMathematics.csproj", "{92225a2a-6868-9468-f617-7aaea84ce1f2}"
EndProject
Project("{FAE04EC0-301F-11D3-BF4B-00C04F79EFBC}") = "Assembly-CSharp-firstpass", "Assembly-CSharp-firstpass.csproj", "{610b9bb8-fcca-d16c-d5a3-a460a2fa0a05}"
EndProject
Project("{FAE04EC0-301F-11D3-BF4B-00C04F79EFBC}") = "MoreMountains.TopDownEngine.InputSystem", "MoreMountains.TopDownEngine.InputSystem.csproj", "{03f80894-c785-db5c-2c2a-17fd6433d218}"
EndProject
Global
	GlobalSection(SolutionConfigurationPlatforms) = preSolution
		Debug|Any CPU = Debug|Any CPU
	EndGlobalSection
	GlobalSection(ProjectConfigurationPlatforms) = postSolution
		{a0e54c6d-7fa0-8223-839e-44d7cbdfb47b}.Debug|Any CPU.ActiveCfg = Debug|Any CPU
		{a0e54c6d-7fa0-8223-839e-44d7cbdfb47b}.Debug|Any CPU.Build.0 = Debug|Any CPU
		{b16da04b-ce12-997b-f10b-3ac3a13f03f0}.Debug|Any CPU.ActiveCfg = Debug|Any CPU
		{b16da04b-ce12-997b-f10b-3ac3a13f03f0}.Debug|Any CPU.Build.0 = Debug|Any CPU
		{e0d143bf-4073-a971-f9d9-30f7f6246a7e}.Debug|Any CPU.ActiveCfg = Debug|Any CPU
		{e0d143bf-4073-a971-f9d9-30f7f6246a7e}.Debug|Any CPU.Build.0 = Debug|Any CPU
		{f84a7b52-3f8d-c6f2-8037-62090f69483e}.Debug|Any CPU.ActiveCfg = Debug|Any CPU
		{f84a7b52-3f8d-c6f2-8037-62090f69483e}.Debug|Any CPU.Build.0 = Debug|Any CPU
		{fc898024-1245-ae56-aa47-ca57fb49c4b1}.Debug|Any CPU.ActiveCfg = Debug|Any CPU
		{fc898024-1245-ae56-aa47-ca57fb49c4b1}.Debug|Any CPU.Build.0 = Debug|Any CPU
		{19a275ad-2745-f015-dbd8-5a5570013697}.Debug|Any CPU.ActiveCfg = Debug|Any CPU
		{19a275ad-2745-f015-dbd8-5a5570013697}.Debug|Any CPU.Build.0 = Debug|Any CPU
		{fd0e50c3-792d-4f1c-f7e1-d7af9088503c}.Debug|Any CPU.ActiveCfg = Debug|Any CPU
		{fd0e50c3-792d-4f1c-f7e1-d7af9088503c}.Debug|Any CPU.Build.0 = Debug|Any CPU
		{46cf38ce-08ee-8228-81a8-92b52f538ca4}.Debug|Any CPU.ActiveCfg = Debug|Any CPU
		{46cf38ce-08ee-8228-81a8-92b52f538ca4}.Debug|Any CPU.Build.0 = Debug|Any CPU
		{778d1459-cae5-e54b-96e9-d4bbe899f5de}.Debug|Any CPU.ActiveCfg = Debug|Any CPU
		{778d1459-cae5-e54b-96e9-d4bbe899f5de}.Debug|Any CPU.Build.0 = Debug|Any CPU
		{d8eb3f38-8655-fac0-8875-41d6b307f442}.Debug|Any CPU.ActiveCfg = Debug|Any CPU
		{d8eb3f38-8655-fac0-8875-41d6b307f442}.Debug|Any CPU.Build.0 = Debug|Any CPU
		{1efddf27-a1c3-6270-63f3-531bb6b2d733}.Debug|Any CPU.ActiveCfg = Debug|Any CPU
		{1efddf27-a1c3-6270-63f3-531bb6b2d733}.Debug|Any CPU.Build.0 = Debug|Any CPU
		{2a1a8715-1c34-80be-6234-8af776cdcfd1}.Debug|Any CPU.ActiveCfg = Debug|Any CPU
		{2a1a8715-1c34-80be-6234-8af776cdcfd1}.Debug|Any CPU.Build.0 = Debug|Any CPU
		{cebbb7b5-5a66-dd82-9231-b279c50038ea}.Debug|Any CPU.ActiveCfg = Debug|Any CPU
		{cebbb7b5-5a66-dd82-9231-b279c50038ea}.Debug|Any CPU.Build.0 = Debug|Any CPU
		{83a34af3-c7d1-cbfd-898f-21afb4cd4c31}.Debug|Any CPU.ActiveCfg = Debug|Any CPU
		{83a34af3-c7d1-cbfd-898f-21afb4cd4c31}.Debug|Any CPU.Build.0 = Debug|Any CPU
		{bbbb87e3-b1db-542d-73b0-4155358777ff}.Debug|Any CPU.ActiveCfg = Debug|Any CPU
		{bbbb87e3-b1db-542d-73b0-4155358777ff}.Debug|Any CPU.Build.0 = Debug|Any CPU
		{fee15bfc-34a3-a5a3-b52e-332cb779c269}.Debug|Any CPU.ActiveCfg = Debug|Any CPU
		{fee15bfc-34a3-a5a3-b52e-332cb779c269}.Debug|Any CPU.Build.0 = Debug|Any CPU
		{514ad930-dee4-097c-f8a8-7e71d9956834}.Debug|Any CPU.ActiveCfg = Debug|Any CPU
		{514ad930-dee4-097c-f8a8-7e71d9956834}.Debug|Any CPU.Build.0 = Debug|Any CPU
		{023fec3d-c864-d48e-6226-11cb21db0edc}.Debug|Any CPU.ActiveCfg = Debug|Any CPU
		{023fec3d-c864-d48e-6226-11cb21db0edc}.Debug|Any CPU.Build.0 = Debug|Any CPU
		{8877aa62-dce2-640d-b64c-143a939c1bb1}.Debug|Any CPU.ActiveCfg = Debug|Any CPU
		{8877aa62-dce2-640d-b64c-143a939c1bb1}.Debug|Any CPU.Build.0 = Debug|Any CPU
		{2aa1a612-43f1-da71-49f6-12304385c310}.Debug|Any CPU.ActiveCfg = Debug|Any CPU
		{2aa1a612-43f1-da71-49f6-12304385c310}.Debug|Any CPU.Build.0 = Debug|Any CPU
		{a267468f-ad63-da9a-07b5-cea17897e5f5}.Debug|Any CPU.ActiveCfg = Debug|Any CPU
		{a267468f-ad63-da9a-07b5-cea17897e5f5}.Debug|Any CPU.Build.0 = Debug|Any CPU
		{3ccbd515-d14d-fd24-26a2-ca1d4704ca64}.Debug|Any CPU.ActiveCfg = Debug|Any CPU
		{3ccbd515-d14d-fd24-26a2-ca1d4704ca64}.Debug|Any CPU.Build.0 = Debug|Any CPU
		{54041cb4-fcf2-e4b1-fc34-4b3ec2e43e4f}.Debug|Any CPU.ActiveCfg = Debug|Any CPU
		{54041cb4-fcf2-e4b1-fc34-4b3ec2e43e4f}.Debug|Any CPU.Build.0 = Debug|Any CPU
		{59c2123a-73dc-6b7f-dedc-b00e7be79f20}.Debug|Any CPU.ActiveCfg = Debug|Any CPU
		{59c2123a-73dc-6b7f-dedc-b00e7be79f20}.Debug|Any CPU.Build.0 = Debug|Any CPU
		{afeb6f08-8394-4090-9ae2-f494fea0a380}.Debug|Any CPU.ActiveCfg = Debug|Any CPU
		{afeb6f08-8394-4090-9ae2-f494fea0a380}.Debug|Any CPU.Build.0 = Debug|Any CPU
		{c1a80610-aa6d-a021-edeb-2a04def252b2}.Debug|Any CPU.ActiveCfg = Debug|Any CPU
		{c1a80610-aa6d-a021-edeb-2a04def252b2}.Debug|Any CPU.Build.0 = Debug|Any CPU
		{de3ec141-75ad-d4d8-8ed8-1fa3cc9e2575}.Debug|Any CPU.ActiveCfg = Debug|Any CPU
		{de3ec141-75ad-d4d8-8ed8-1fa3cc9e2575}.Debug|Any CPU.Build.0 = Debug|Any CPU
		{54a3157d-ea32-6921-4b7b-c9c173d79d6d}.Debug|Any CPU.ActiveCfg = Debug|Any CPU
		{54a3157d-ea32-6921-4b7b-c9c173d79d6d}.Debug|Any CPU.Build.0 = Debug|Any CPU
		{e7c5f403-ce7c-9e1a-426e-feca192a2b59}.Debug|Any CPU.ActiveCfg = Debug|Any CPU
		{e7c5f403-ce7c-9e1a-426e-feca192a2b59}.Debug|Any CPU.Build.0 = Debug|Any CPU
		{0c678376-80ea-0574-2ad6-b4c8bf124377}.Debug|Any CPU.ActiveCfg = Debug|Any CPU
		{0c678376-80ea-0574-2ad6-b4c8bf124377}.Debug|Any CPU.Build.0 = Debug|Any CPU
		{10e54c32-9e01-5af4-64f8-c00df3ca46b3}.Debug|Any CPU.ActiveCfg = Debug|Any CPU
		{10e54c32-9e01-5af4-64f8-c00df3ca46b3}.Debug|Any CPU.Build.0 = Debug|Any CPU
		{74b297a2-36fe-3b45-2f6c-e88e57b49c71}.Debug|Any CPU.ActiveCfg = Debug|Any CPU
		{74b297a2-36fe-3b45-2f6c-e88e57b49c71}.Debug|Any CPU.Build.0 = Debug|Any CPU
		{18fa4861-26db-92bd-10d1-8e6a288c79f3}.Debug|Any CPU.ActiveCfg = Debug|Any CPU
		{18fa4861-26db-92bd-10d1-8e6a288c79f3}.Debug|Any CPU.Build.0 = Debug|Any CPU
		{efb35931-c8de-3147-fea4-7994ff6451da}.Debug|Any CPU.ActiveCfg = Debug|Any CPU
		{efb35931-c8de-3147-fea4-7994ff6451da}.Debug|Any CPU.Build.0 = Debug|Any CPU
		{29ace6c3-16d4-5cc0-0845-bdbb6e38c4e2}.Debug|Any CPU.ActiveCfg = Debug|Any CPU
		{29ace6c3-16d4-5cc0-0845-bdbb6e38c4e2}.Debug|Any CPU.Build.0 = Debug|Any CPU
		{456e16ae-8141-ebca-2c40-41342b595228}.Debug|Any CPU.ActiveCfg = Debug|Any CPU
		{456e16ae-8141-ebca-2c40-41342b595228}.Debug|Any CPU.Build.0 = Debug|Any CPU
		{5eb1f268-fb0f-e653-6b8e-5b17e2b7d53c}.Debug|Any CPU.ActiveCfg = Debug|Any CPU
		{5eb1f268-fb0f-e653-6b8e-5b17e2b7d53c}.Debug|Any CPU.Build.0 = Debug|Any CPU
		{6b221055-080b-a5d3-4d27-888f48e86bd7}.Debug|Any CPU.ActiveCfg = Debug|Any CPU
		{6b221055-080b-a5d3-4d27-888f48e86bd7}.Debug|Any CPU.Build.0 = Debug|Any CPU
		{be60ad28-3f12-221a-be4f-295f26cbad18}.Debug|Any CPU.ActiveCfg = Debug|Any CPU
		{be60ad28-3f12-221a-be4f-295f26cbad18}.Debug|Any CPU.Build.0 = Debug|Any CPU
		{718fc7cf-e35e-2db2-3e68-7514c1c4d0aa}.Debug|Any CPU.ActiveCfg = Debug|Any CPU
		{718fc7cf-e35e-2db2-3e68-7514c1c4d0aa}.Debug|Any CPU.Build.0 = Debug|Any CPU
		{f522e261-30ec-5d6e-b28e-441da07bb196}.Debug|Any CPU.ActiveCfg = Debug|Any CPU
		{f522e261-30ec-5d6e-b28e-441da07bb196}.Debug|Any CPU.Build.0 = Debug|Any CPU
		{ed807b94-ba30-6495-a09a-3bfb3277e463}.Debug|Any CPU.ActiveCfg = Debug|Any CPU
		{ed807b94-ba30-6495-a09a-3bfb3277e463}.Debug|Any CPU.Build.0 = Debug|Any CPU
		{e7c5edc7-de1d-e0f1-ddfb-bc4eef887184}.Debug|Any CPU.ActiveCfg = Debug|Any CPU
		{e7c5edc7-de1d-e0f1-ddfb-bc4eef887184}.Debug|Any CPU.Build.0 = Debug|Any CPU
		{89a1ba36-0056-5cb3-7658-2bb4cee4f9fd}.Debug|Any CPU.ActiveCfg = Debug|Any CPU
		{89a1ba36-0056-5cb3-7658-2bb4cee4f9fd}.Debug|Any CPU.Build.0 = Debug|Any CPU
		{a93abffe-6aef-6022-3b68-6596f20b3755}.Debug|Any CPU.ActiveCfg = Debug|Any CPU
		{a93abffe-6aef-6022-3b68-6596f20b3755}.Debug|Any CPU.Build.0 = Debug|Any CPU
		{cebe6881-33dc-a79d-e2cb-c39220e38c6e}.Debug|Any CPU.ActiveCfg = Debug|Any CPU
		{cebe6881-33dc-a79d-e2cb-c39220e38c6e}.Debug|Any CPU.Build.0 = Debug|Any CPU
		{14872025-7581-e011-0bc0-37039146ee82}.Debug|Any CPU.ActiveCfg = Debug|Any CPU
		{14872025-7581-e011-0bc0-37039146ee82}.Debug|Any CPU.Build.0 = Debug|Any CPU
		{d331afd0-39ed-9ff7-e199-3065c80e00c7}.Debug|Any CPU.ActiveCfg = Debug|Any CPU
		{d331afd0-39ed-9ff7-e199-3065c80e00c7}.Debug|Any CPU.Build.0 = Debug|Any CPU
		{db9d09f3-981f-1c04-2943-04259d5219f0}.Debug|Any CPU.ActiveCfg = Debug|Any CPU
		{db9d09f3-981f-1c04-2943-04259d5219f0}.Debug|Any CPU.Build.0 = Debug|Any CPU
		{abb525cb-903c-b275-ca2a-702c742e7100}.Debug|Any CPU.ActiveCfg = Debug|Any CPU
		{abb525cb-903c-b275-ca2a-702c742e7100}.Debug|Any CPU.Build.0 = Debug|Any CPU
		{59cfbec4-0047-2e80-a3aa-cfcc30cc64b4}.Debug|Any CPU.ActiveCfg = Debug|Any CPU
		{59cfbec4-0047-2e80-a3aa-cfcc30cc64b4}.Debug|Any CPU.Build.0 = Debug|Any CPU
		{15f99563-3a21-3156-4e1c-749e62ffd83e}.Debug|Any CPU.ActiveCfg = Debug|Any CPU
		{15f99563-3a21-3156-4e1c-749e62ffd83e}.Debug|Any CPU.Build.0 = Debug|Any CPU
		{a7653658-7c34-6319-2f08-65f643d20dd0}.Debug|Any CPU.ActiveCfg = Debug|Any CPU
		{a7653658-7c34-6319-2f08-65f643d20dd0}.Debug|Any CPU.Build.0 = Debug|Any CPU
		{5d9435da-0546-321f-f52d-7b37200b86e4}.Debug|Any CPU.ActiveCfg = Debug|Any CPU
		{5d9435da-0546-321f-f52d-7b37200b86e4}.Debug|Any CPU.Build.0 = Debug|Any CPU
		{64474d64-d47f-9894-7c52-ed5d6c2bdb7c}.Debug|Any CPU.ActiveCfg = Debug|Any CPU
		{64474d64-d47f-9894-7c52-ed5d6c2bdb7c}.Debug|Any CPU.Build.0 = Debug|Any CPU
		{e971e6b4-a236-5956-9664-b8102c9ed186}.Debug|Any CPU.ActiveCfg = Debug|Any CPU
		{e971e6b4-a236-5956-9664-b8102c9ed186}.Debug|Any CPU.Build.0 = Debug|Any CPU
		{bd317c29-c83f-251c-c448-7339b129bcf8}.Debug|Any CPU.ActiveCfg = Debug|Any CPU
		{bd317c29-c83f-251c-c448-7339b129bcf8}.Debug|Any CPU.Build.0 = Debug|Any CPU
		{e33d9cc3-a122-c552-7608-001a80ae199b}.Debug|Any CPU.ActiveCfg = Debug|Any CPU
		{e33d9cc3-a122-c552-7608-001a80ae199b}.Debug|Any CPU.Build.0 = Debug|Any CPU
		{fbc3d5de-b687-c6ad-56e4-fb5be4ad41c8}.Debug|Any CPU.ActiveCfg = Debug|Any CPU
		{fbc3d5de-b687-c6ad-56e4-fb5be4ad41c8}.Debug|Any CPU.Build.0 = Debug|Any CPU
		{92225a2a-6868-9468-f617-7aaea84ce1f2}.Debug|Any CPU.ActiveCfg = Debug|Any CPU
		{92225a2a-6868-9468-f617-7aaea84ce1f2}.Debug|Any CPU.Build.0 = Debug|Any CPU
		{610b9bb8-fcca-d16c-d5a3-a460a2fa0a05}.Debug|Any CPU.ActiveCfg = Debug|Any CPU
		{610b9bb8-fcca-d16c-d5a3-a460a2fa0a05}.Debug|Any CPU.Build.0 = Debug|Any CPU
		{03f80894-c785-db5c-2c2a-17fd6433d218}.Debug|Any CPU.ActiveCfg = Debug|Any CPU
		{03f80894-c785-db5c-2c2a-17fd6433d218}.Debug|Any CPU.Build.0 = Debug|Any CPU
	EndGlobalSection
	GlobalSection(SolutionProperties) = preSolution
		HideSolutionNode = FALSE
	EndGlobalSection
EndGlobal
